
Microsoft Visual Studio Solution File, Format Version 12.00
# Visual Studio Version 17
VisualStudioVersion = 17.10.35013.160
MinimumVisualStudioVersion = 10.0.40219.1
Project("{9A19103F-16F7-4668-BE54-9A1E7A4F7556}") = "JointMilitarySymbologyLibrary", "JointMilitarySymbologyLibrary.csproj", "{59DCDEC3-469F-44CB-B42C-80DB1F9E1992}"
EndProject
Project("{2150E333-8FDC-42A3-9474-1A3956D46DE8}") = "Solution Items", "Solution Items", "{05AB64C4-07E2-4544-A4C8-FDA98CCA5D76}"
	ProjectSection(SolutionItems) = preProject
		..\..\instance\Activity.xml = ..\..\instance\Activity.xml
		..\..\instance\Air.xml = ..\..\instance\Air.xml
		..\..\instance\Air_Missile.xml = ..\..\instance\Air_Missile.xml
		..\..\instance\Atmospheric.xml = ..\..\instance\Atmospheric.xml
		..\..\instance\Base.xml = ..\..\instance\Base.xml
		..\..\schema\base.xsd = ..\..\schema\base.xsd
		..\..\instance\Control_Measure.xml = ..\..\instance\Control_Measure.xml
		..\..\schema\core.xsd = ..\..\schema\core.xsd
		..\..\instance\Cyberspace.xml = ..\..\instance\Cyberspace.xml
		Directory.Packages.props = Directory.Packages.props
		..\..\instance\Internal.xml = ..\..\instance\Internal.xml
		JointMilitarySymbologyLibrary.vsmdi = JointMilitarySymbologyLibrary.vsmdi
		..\..\instance\Land_Civilian.xml = ..\..\instance\Land_Civilian.xml
		..\..\instance\Land_Equipment.xml = ..\..\instance\Land_Equipment.xml
		..\..\instance\Land_Installation.xml = ..\..\instance\Land_Installation.xml
		..\..\instance\Land_Unit.xml = ..\..\instance\Land_Unit.xml
		Local.testsettings = Local.testsettings
		..\..\instance\Meteorological_Space.xml = ..\..\instance\Meteorological_Space.xml
		..\..\instance\Mine_Warfare.xml = ..\..\instance\Mine_Warfare.xml
		..\..\instance\Oceanographic.xml = ..\..\instance\Oceanographic.xml
		..\..\instance\Sea_Subsurface.xml = ..\..\instance\Sea_Subsurface.xml
		..\..\instance\Sea_Surface.xml = ..\..\instance\Sea_Surface.xml
		..\..\instance\SIGINT_Air.xml = ..\..\instance\SIGINT_Air.xml
		..\..\instance\SIGINT_Land.xml = ..\..\instance\SIGINT_Land.xml
		..\..\instance\SIGINT_Space.xml = ..\..\instance\SIGINT_Space.xml
		..\..\instance\SIGINT_Subsurface.xml = ..\..\instance\SIGINT_Subsurface.xml
		..\..\instance\SIGINT_Surface.xml = ..\..\instance\SIGINT_Surface.xml
		..\..\instance\Space.xml = ..\..\instance\Space.xml
		..\..\instance\Space_Missile.xml = ..\..\instance\Space_Missile.xml
		..\..\schema\symbolSet.xsd = ..\..\schema\symbolSet.xsd
		TraceAndTestImpact.testsettings = TraceAndTestImpact.testsettings
		..\..\instance\Unknown.xml = ..\..\instance\Unknown.xml
	EndProjectSection
EndProject
Project("{9A19103F-16F7-4668-BE54-9A1E7A4F7556}") = "jmsml", "..\jmsml\jmsml.csproj", "{9C56E5F0-F6BE-405B-B52C-4AA90E6CA69A}"
EndProject
Project("{9A19103F-16F7-4668-BE54-9A1E7A4F7556}") = "TestLegacyCodesCsv", "..\TestLegacyCodesCsv\TestLegacyCodesCsv.csproj", "{F54E3FEB-F6D3-4C90-889A-D71D1BA2DC54}"
EndProject
Project("{9A19103F-16F7-4668-BE54-9A1E7A4F7556}") = "UnitTests", "..\UnitTests\UnitTests.csproj", "{2F59E459-F142-4B2E-8EE4-9B7084B32371}"
EndProject
Project("{FAE04EC0-301F-11D3-BF4B-00C04F79EFBC}") = "DemoApp", "..\DemoApp\DemoApp.csproj", "{BC4E42BD-6475-4844-B087-828F5607E8CF}"
EndProject
Global
	GlobalSection(SolutionConfigurationPlatforms) = preSolution
		Debug|Any CPU = Debug|Any CPU
		Debug|Mixed Platforms = Debug|Mixed Platforms
		Debug|x86 = Debug|x86
		Release|Any CPU = Release|Any CPU
		Release|Mixed Platforms = Release|Mixed Platforms
		Release|x86 = Release|x86
	EndGlobalSection
	GlobalSection(ProjectConfigurationPlatforms) = postSolution
		{59DCDEC3-469F-44CB-B42C-80DB1F9E1992}.Debug|Any CPU.ActiveCfg = Debug|Any CPU
		{59DCDEC3-469F-44CB-B42C-80DB1F9E1992}.Debug|Any CPU.Build.0 = Debug|Any CPU
		{59DCDEC3-469F-44CB-B42C-80DB1F9E1992}.Debug|Mixed Platforms.ActiveCfg = Debug|Any CPU
		{59DCDEC3-469F-44CB-B42C-80DB1F9E1992}.Debug|Mixed Platforms.Build.0 = Debug|Any CPU
		{59DCDEC3-469F-44CB-B42C-80DB1F9E1992}.Debug|x86.ActiveCfg = Debug|Any CPU
		{59DCDEC3-469F-44CB-B42C-80DB1F9E1992}.Debug|x86.Build.0 = Debug|Any CPU
		{59DCDEC3-469F-44CB-B42C-80DB1F9E1992}.Release|Any CPU.ActiveCfg = Release|Any CPU
		{59DCDEC3-469F-44CB-B42C-80DB1F9E1992}.Release|Any CPU.Build.0 = Release|Any CPU
		{59DCDEC3-469F-44CB-B42C-80DB1F9E1992}.Release|Mixed Platforms.ActiveCfg = Release|Any CPU
		{59DCDEC3-469F-44CB-B42C-80DB1F9E1992}.Release|Mixed Platforms.Build.0 = Release|Any CPU
		{59DCDEC3-469F-44CB-B42C-80DB1F9E1992}.Release|x86.ActiveCfg = Release|Any CPU
		{59DCDEC3-469F-44CB-B42C-80DB1F9E1992}.Release|x86.Build.0 = Release|Any CPU
		{9C56E5F0-F6BE-405B-B52C-4AA90E6CA69A}.Debug|Any CPU.ActiveCfg = Debug|Any CPU
		{9C56E5F0-F6BE-405B-B52C-4AA90E6CA69A}.Debug|Any CPU.Build.0 = Debug|Any CPU
		{9C56E5F0-F6BE-405B-B52C-4AA90E6CA69A}.Debug|Mixed Platforms.ActiveCfg = Debug|Any CPU
		{9C56E5F0-F6BE-405B-B52C-4AA90E6CA69A}.Debug|Mixed Platforms.Build.0 = Debug|Any CPU
		{9C56E5F0-F6BE-405B-B52C-4AA90E6CA69A}.Debug|x86.ActiveCfg = Debug|Any CPU
		{9C56E5F0-F6BE-405B-B52C-4AA90E6CA69A}.Debug|x86.Build.0 = Debug|Any CPU
		{9C56E5F0-F6BE-405B-B52C-4AA90E6CA69A}.Release|Any CPU.ActiveCfg = Release|Any CPU
		{9C56E5F0-F6BE-405B-B52C-4AA90E6CA69A}.Release|Any CPU.Build.0 = Release|Any CPU
		{9C56E5F0-F6BE-405B-B52C-4AA90E6CA69A}.Release|Mixed Platforms.ActiveCfg = Release|Any CPU
		{9C56E5F0-F6BE-405B-B52C-4AA90E6CA69A}.Release|Mixed Platforms.Build.0 = Release|Any CPU
		{9C56E5F0-F6BE-405B-B52C-4AA90E6CA69A}.Release|x86.ActiveCfg = Release|Any CPU
		{9C56E5F0-F6BE-405B-B52C-4AA90E6CA69A}.Release|x86.Build.0 = Release|Any CPU
		{F54E3FEB-F6D3-4C90-889A-D71D1BA2DC54}.Debug|Any CPU.ActiveCfg = Debug|Any CPU
		{F54E3FEB-F6D3-4C90-889A-D71D1BA2DC54}.Debug|Any CPU.Build.0 = Debug|Any CPU
		{F54E3FEB-F6D3-4C90-889A-D71D1BA2DC54}.Debug|Mixed Platforms.ActiveCfg = Debug|Any CPU
		{F54E3FEB-F6D3-4C90-889A-D71D1BA2DC54}.Debug|Mixed Platforms.Build.0 = Debug|Any CPU
		{F54E3FEB-F6D3-4C90-889A-D71D1BA2DC54}.Debug|x86.ActiveCfg = Debug|Any CPU
		{F54E3FEB-F6D3-4C90-889A-D71D1BA2DC54}.Debug|x86.Build.0 = Debug|Any CPU
		{F54E3FEB-F6D3-4C90-889A-D71D1BA2DC54}.Release|Any CPU.ActiveCfg = Release|Any CPU
		{F54E3FEB-F6D3-4C90-889A-D71D1BA2DC54}.Release|Any CPU.Build.0 = Release|Any CPU
		{F54E3FEB-F6D3-4C90-889A-D71D1BA2DC54}.Release|Mixed Platforms.ActiveCfg = Release|Any CPU
		{F54E3FEB-F6D3-4C90-889A-D71D1BA2DC54}.Release|Mixed Platforms.Build.0 = Release|Any CPU
		{F54E3FEB-F6D3-4C90-889A-D71D1BA2DC54}.Release|x86.ActiveCfg = Release|Any CPU
		{F54E3FEB-F6D3-4C90-889A-D71D1BA2DC54}.Release|x86.Build.0 = Release|Any CPU
		{2F59E459-F142-4B2E-8EE4-9B7084B32371}.Debug|Any CPU.ActiveCfg = Debug|Any CPU
		{2F59E459-F142-4B2E-8EE4-9B7084B32371}.Debug|Any CPU.Build.0 = Debug|Any CPU
		{2F59E459-F142-4B2E-8EE4-9B7084B32371}.Debug|Mixed Platforms.ActiveCfg = Debug|Any CPU
		{2F59E459-F142-4B2E-8EE4-9B7084B32371}.Debug|Mixed Platforms.Build.0 = Debug|Any CPU
		{2F59E459-F142-4B2E-8EE4-9B7084B32371}.Debug|x86.ActiveCfg = Debug|Any CPU
		{2F59E459-F142-4B2E-8EE4-9B7084B32371}.Debug|x86.Build.0 = Debug|Any CPU
		{2F59E459-F142-4B2E-8EE4-9B7084B32371}.Release|Any CPU.ActiveCfg = Release|Any CPU
		{2F59E459-F142-4B2E-8EE4-9B7084B32371}.Release|Mixed Platforms.ActiveCfg = Release|Any CPU
		{2F59E459-F142-4B2E-8EE4-9B7084B32371}.Release|x86.ActiveCfg = Release|Any CPU
		{BC4E42BD-6475-4844-B087-828F5607E8CF}.Debug|Any CPU.ActiveCfg = Debug|Any CPU
		{BC4E42BD-6475-4844-B087-828F5607E8CF}.Debug|Any CPU.Build.0 = Debug|Any CPU
		{BC4E42BD-6475-4844-B087-828F5607E8CF}.Debug|Mixed Platforms.ActiveCfg = Debug|Any CPU
		{BC4E42BD-6475-4844-B087-828F5607E8CF}.Debug|Mixed Platforms.Build.0 = Debug|Any CPU
		{BC4E42BD-6475-4844-B087-828F5607E8CF}.Debug|x86.ActiveCfg = Debug|Any CPU
		{BC4E42BD-6475-4844-B087-828F5607E8CF}.Debug|x86.Build.0 = Debug|Any CPU
		{BC4E42BD-6475-4844-B087-828F5607E8CF}.Release|Any CPU.ActiveCfg = Release|Any CPU
		{BC4E42BD-6475-4844-B087-828F5607E8CF}.Release|Any CPU.Build.0 = Release|Any CPU
		{BC4E42BD-6475-4844-B087-828F5607E8CF}.Release|Mixed Platforms.ActiveCfg = Release|Any CPU
		{BC4E42BD-6475-4844-B087-828F5607E8CF}.Release|Mixed Platforms.Build.0 = Release|Any CPU
		{BC4E42BD-6475-4844-B087-828F5607E8CF}.Release|x86.ActiveCfg = Release|Any CPU
		{BC4E42BD-6475-4844-B087-828F5607E8CF}.Release|x86.Build.0 = Release|Any CPU
	EndGlobalSection
	GlobalSection(SolutionProperties) = preSolution
		HideSolutionNode = FALSE
	EndGlobalSection
	GlobalSection(ExtensibilityGlobals) = postSolution
		SolutionGuid = {3639086C-CCDC-4E4E-9374-5EE7EC76854C}
	EndGlobalSection
	GlobalSection(TestCaseManagementSettings) = postSolution
		CategoryFile = JointMilitarySymbologyLibrary.vsmdi
	EndGlobalSection
EndGlobal
